
Microsoft Visual Studio Solution File, Format Version 12.00
# Visual Studio 15
VisualStudioVersion = 15.0.27428.2037
MinimumVisualStudioVersion = 10.0.40219.1
Project("{FAE04EC0-301F-11D3-BF4B-00C04F79EFBC}") = "Inwentarz", "Inwentarz\Inwentarz.csproj", "{61342E4E-BDA3-499B-B42F-5D6EAF2881E8}"
EndProject
Global
	GlobalSection(SolutionConfigurationPlatforms) = preSolution
		Debug|Any CPU = Debug|Any CPU
		Release|Any CPU = Release|Any CPU
	EndGlobalSection
	GlobalSection(ProjectConfigurationPlatforms) = postSolution
		{61342E4E-BDA3-499B-B42F-5D6EAF2881E8}.Debug|Any CPU.ActiveCfg = Debug|Any CPU
		{61342E4E-BDA3-499B-B42F-5D6EAF2881E8}.Debug|Any CPU.Build.0 = Debug|Any CPU
		{61342E4E-BDA3-499B-B42F-5D6EAF2881E8}.Release|Any CPU.ActiveCfg = Release|Any CPU
		{61342E4E-BDA3-499B-B42F-5D6EAF2881E8}.Release|Any CPU.Build.0 = Release|Any CPU
	EndGlobalSection
	GlobalSection(SolutionProperties) = preSolution
		HideSolutionNode = FALSE
	EndGlobalSection
	GlobalSection(ExtensibilityGlobals) = postSolution
		SolutionGuid = {16DBCDD0-1302-4654-A24F-BA661DCFE3E0}
	EndGlobalSection
EndGlobal
